
Microsoft Visual Studio Solution File, Format Version 12.00
# Visual Studio 15
VisualStudioVersion = 15.0.28010.2036
MinimumVisualStudioVersion = 10.0.40219.1
Project("{FAE04EC0-301F-11D3-BF4B-00C04F79EFBC}") = "GivskudZooApp", "GivskudZooApp\GivskudZooApp.csproj", "{6BE0B5D1-A80A-4E69-B472-B57560D3368C}"
EndProject
Project("{FAE04EC0-301F-11D3-BF4B-00C04F79EFBC}") = "GivskudZooApi", "GivskudZooApi\GivskudZooApi.csproj", "{B8004C6C-2DBC-4EF1-8387-6223ADDE2C40}"
EndProject
Global
	GlobalSection(SolutionConfigurationPlatforms) = preSolution
		Debug|Any CPU = Debug|Any CPU
		Release|Any CPU = Release|Any CPU
	EndGlobalSection
	GlobalSection(ProjectConfigurationPlatforms) = postSolution
		{6BE0B5D1-A80A-4E69-B472-B57560D3368C}.Debug|Any CPU.ActiveCfg = Release|Any CPU
		{6BE0B5D1-A80A-4E69-B472-B57560D3368C}.Debug|Any CPU.Build.0 = Release|Any CPU
		{6BE0B5D1-A80A-4E69-B472-B57560D3368C}.Release|Any CPU.ActiveCfg = Release|Any CPU
		{6BE0B5D1-A80A-4E69-B472-B57560D3368C}.Release|Any CPU.Build.0 = Release|Any CPU
		{B8004C6C-2DBC-4EF1-8387-6223ADDE2C40}.Debug|Any CPU.ActiveCfg = Release|Any CPU
		{B8004C6C-2DBC-4EF1-8387-6223ADDE2C40}.Release|Any CPU.ActiveCfg = Release|Any CPU
		{B8004C6C-2DBC-4EF1-8387-6223ADDE2C40}.Release|Any CPU.Build.0 = Release|Any CPU
	EndGlobalSection
	GlobalSection(SolutionProperties) = preSolution
		HideSolutionNode = FALSE
	EndGlobalSection
	GlobalSection(ExtensibilityGlobals) = postSolution
		SolutionGuid = {508529E8-592B-49E1-829C-AD37CDAADDE7}
	EndGlobalSection
EndGlobal
